
Microsoft Visual Studio Solution File, Format Version 12.00
# Visual Studio Version 17
VisualStudioVersion = 17.9.34723.18
MinimumVisualStudioVersion = 10.0.40219.1
Project("{9A19103F-16F7-4668-BE54-9A1E7A4F7556}") = "1", "1\1.csproj", "{E94AD40F-1C40-4F89-9699-FA971DBAF243}"
EndProject
Project("{9A19103F-16F7-4668-BE54-9A1E7A4F7556}") = "2", "2\2.csproj", "{E02D7315-97B4-4C0C-B0A5-4679B9596186}"
EndProject
Project("{9A19103F-16F7-4668-BE54-9A1E7A4F7556}") = "3", "3\3.csproj", "{0BDFF135-C791-44C3-AE47-C6B15BFE72E5}"
EndProject
Project("{9A19103F-16F7-4668-BE54-9A1E7A4F7556}") = "4", "4\4.csproj", "{8FB5A649-07F8-4596-B047-6D4F456D7E96}"
EndProject
Project("{FAE04EC0-301F-11D3-BF4B-00C04F79EFBC}") = "5", "5\5.csproj", "{805B51A9-500C-42BB-B504-1EEB80E070B2}"
EndProject
Global
	GlobalSection(SolutionConfigurationPlatforms) = preSolution
		Debug|Any CPU = Debug|Any CPU
		Release|Any CPU = Release|Any CPU
	EndGlobalSection
	GlobalSection(ProjectConfigurationPlatforms) = postSolution
		{E94AD40F-1C40-4F89-9699-FA971DBAF243}.Debug|Any CPU.ActiveCfg = Debug|Any CPU
		{E94AD40F-1C40-4F89-9699-FA971DBAF243}.Debug|Any CPU.Build.0 = Debug|Any CPU
		{E94AD40F-1C40-4F89-9699-FA971DBAF243}.Release|Any CPU.ActiveCfg = Release|Any CPU
		{E94AD40F-1C40-4F89-9699-FA971DBAF243}.Release|Any CPU.Build.0 = Release|Any CPU
		{E02D7315-97B4-4C0C-B0A5-4679B9596186}.Debug|Any CPU.ActiveCfg = Debug|Any CPU
		{E02D7315-97B4-4C0C-B0A5-4679B9596186}.Debug|Any CPU.Build.0 = Debug|Any CPU
		{E02D7315-97B4-4C0C-B0A5-4679B9596186}.Release|Any CPU.ActiveCfg = Release|Any CPU
		{E02D7315-97B4-4C0C-B0A5-4679B9596186}.Release|Any CPU.Build.0 = Release|Any CPU
		{0BDFF135-C791-44C3-AE47-C6B15BFE72E5}.Debug|Any CPU.ActiveCfg = Debug|Any CPU
		{0BDFF135-C791-44C3-AE47-C6B15BFE72E5}.Debug|Any CPU.Build.0 = Debug|Any CPU
		{0BDFF135-C791-44C3-AE47-C6B15BFE72E5}.Release|Any CPU.ActiveCfg = Release|Any CPU
		{0BDFF135-C791-44C3-AE47-C6B15BFE72E5}.Release|Any CPU.Build.0 = Release|Any CPU
		{8FB5A649-07F8-4596-B047-6D4F456D7E96}.Debug|Any CPU.ActiveCfg = Debug|Any CPU
		{8FB5A649-07F8-4596-B047-6D4F456D7E96}.Debug|Any CPU.Build.0 = Debug|Any CPU
		{8FB5A649-07F8-4596-B047-6D4F456D7E96}.Release|Any CPU.ActiveCfg = Release|Any CPU
		{8FB5A649-07F8-4596-B047-6D4F456D7E96}.Release|Any CPU.Build.0 = Release|Any CPU
		{805B51A9-500C-42BB-B504-1EEB80E070B2}.Debug|Any CPU.ActiveCfg = Debug|Any CPU
		{805B51A9-500C-42BB-B504-1EEB80E070B2}.Debug|Any CPU.Build.0 = Debug|Any CPU
		{805B51A9-500C-42BB-B504-1EEB80E070B2}.Release|Any CPU.ActiveCfg = Release|Any CPU
		{805B51A9-500C-42BB-B504-1EEB80E070B2}.Release|Any CPU.Build.0 = Release|Any CPU
	EndGlobalSection
	GlobalSection(SolutionProperties) = preSolution
		HideSolutionNode = FALSE
	EndGlobalSection
	GlobalSection(ExtensibilityGlobals) = postSolution
		SolutionGuid = {F1ACABE6-5997-4FB0-95A9-5ADD257575C0}
	EndGlobalSection
EndGlobal
